// !$*UTF8*$!
{
	archiveVersion = 1;
	classes = {
	};
	objectVersion = 48;
	objects = {

/* Begin PBXBuildFile section */
		37368EF2203BA25E0045BF78 /* SearchResult.swift in Sources */ = {isa = PBXBuildFile; fileRef = 37368EF1203BA25E0045BF78 /* SearchResult.swift */; };
		37368EF6203BC1340045BF78 /* NothingFoundCell.swift in Sources */ = {isa = PBXBuildFile; fileRef = 37368EF5203BC1340045BF78 /* NothingFoundCell.swift */; };
		37368EF8203BC58B0045BF78 /* SearchResultsCell.swift in Sources */ = {isa = PBXBuildFile; fileRef = 37368EF7203BC58A0045BF78 /* SearchResultsCell.swift */; };
		3764D39C203CF2C80005391F /* LoadingCell.swift in Sources */ = {isa = PBXBuildFile; fileRef = 3764D39B203CF2C80005391F /* LoadingCell.swift */; };
		3764D39E203D2F230005391F /* UIImageView+DownloadImage.swift in Sources */ = {isa = PBXBuildFile; fileRef = 3764D39D203D2F230005391F /* UIImageView+DownloadImage.swift */; };
		3764D3A0203D35A40005391F /* DetailViewController.swift in Sources */ = {isa = PBXBuildFile; fileRef = 3764D39F203D35A40005391F /* DetailViewController.swift */; };
		3764D3A2203D3FAB0005391F /* DimmingPresentationController.swift in Sources */ = {isa = PBXBuildFile; fileRef = 3764D3A1203D3FAB0005391F /* DimmingPresentationController.swift */; };
		3783D564203B898B00E50F82 /* AppDelegate.swift in Sources */ = {isa = PBXBuildFile; fileRef = 3783D563203B898B00E50F82 /* AppDelegate.swift */; };
		3783D566203B898B00E50F82 /* SearchViewController.swift in Sources */ = {isa = PBXBuildFile; fileRef = 3783D565203B898B00E50F82 /* SearchViewController.swift */; };
		3783D56B203B898B00E50F82 /* Assets.xcassets in Resources */ = {isa = PBXBuildFile; fileRef = 3783D56A203B898B00E50F82 /* Assets.xcassets */; };
		3783D56E203B898B00E50F82 /* LaunchScreen.storyboard in Resources */ = {isa = PBXBuildFile; fileRef = 3783D56C203B898B00E50F82 /* LaunchScreen.storyboard */; };
		37A03229203E347C00563E65 /* GradientView.swift in Sources */ = {isa = PBXBuildFile; fileRef = 37A03228203E347C00563E65 /* GradientView.swift */; };
		37A0322B203E3FEB00563E65 /* LandscapeViewController.swift in Sources */ = {isa = PBXBuildFile; fileRef = 37A0322A203E3FEB00563E65 /* LandscapeViewController.swift */; };
		37A0322D203E793500563E65 /* Search.swift in Sources */ = {isa = PBXBuildFile; fileRef = 37A0322C203E793500563E65 /* Search.swift */; };
/* End PBXBuildFile section */

/* Begin PBXFileReference section */
		37368EF1203BA25E0045BF78 /* SearchResult.swift */ = {isa = PBXFileReference; lastKnownFileType = sourcecode.swift; path = SearchResult.swift; sourceTree = "<group>"; };
		37368EF5203BC1340045BF78 /* NothingFoundCell.swift */ = {isa = PBXFileReference; lastKnownFileType = sourcecode.swift; path = NothingFoundCell.swift; sourceTree = "<group>"; };
		37368EF7203BC58A0045BF78 /* SearchResultsCell.swift */ = {isa = PBXFileReference; fileEncoding = 4; lastKnownFileType = sourcecode.swift; path = SearchResultsCell.swift; sourceTree = "<group>"; };
		3764D39B203CF2C80005391F /* LoadingCell.swift */ = {isa = PBXFileReference; fileEncoding = 4; lastKnownFileType = sourcecode.swift; path = LoadingCell.swift; sourceTree = "<group>"; };
		3764D39D203D2F230005391F /* UIImageView+DownloadImage.swift */ = {isa = PBXFileReference; lastKnownFileType = sourcecode.swift; path = "UIImageView+DownloadImage.swift"; sourceTree = "<group>"; };
		3764D39F203D35A40005391F /* DetailViewController.swift */ = {isa = PBXFileReference; lastKnownFileType = sourcecode.swift; path = DetailViewController.swift; sourceTree = "<group>"; };
		3764D3A1203D3FAB0005391F /* DimmingPresentationController.swift */ = {isa = PBXFileReference; lastKnownFileType = sourcecode.swift; path = DimmingPresentationController.swift; sourceTree = "<group>"; };
		3783D560203B898B00E50F82 /* StoreSearch.app */ = {isa = PBXFileReference; explicitFileType = wrapper.application; includeInIndex = 0; path = StoreSearch.app; sourceTree = BUILT_PRODUCTS_DIR; };
		3783D563203B898B00E50F82 /* AppDelegate.swift */ = {isa = PBXFileReference; lastKnownFileType = sourcecode.swift; path = AppDelegate.swift; sourceTree = "<group>"; };
		3783D565203B898B00E50F82 /* SearchViewController.swift */ = {isa = PBXFileReference; lastKnownFileType = sourcecode.swift; path = SearchViewController.swift; sourceTree = "<group>"; };
		3783D56A203B898B00E50F82 /* Assets.xcassets */ = {isa = PBXFileReference; lastKnownFileType = folder.assetcatalog; path = Assets.xcassets; sourceTree = "<group>"; };
		3783D56D203B898B00E50F82 /* Base */ = {isa = PBXFileReference; lastKnownFileType = file.storyboard; name = Base; path = Base.lproj/LaunchScreen.storyboard; sourceTree = "<group>"; };
		3783D56F203B898B00E50F82 /* Info.plist */ = {isa = PBXFileReference; lastKnownFileType = text.plist.xml; path = Info.plist; sourceTree = "<group>"; };
		37A03228203E347C00563E65 /* GradientView.swift */ = {isa = PBXFileReference; lastKnownFileType = sourcecode.swift; path = GradientView.swift; sourceTree = "<group>"; };
		37A0322A203E3FEB00563E65 /* LandscapeViewController.swift */ = {isa = PBXFileReference; lastKnownFileType = sourcecode.swift; path = LandscapeViewController.swift; sourceTree = "<group>"; };
		37A0322C203E793500563E65 /* Search.swift */ = {isa = PBXFileReference; lastKnownFileType = sourcecode.swift; path = Search.swift; sourceTree = "<group>"; };
/* End PBXFileReference section */

/* Begin PBXFrameworksBuildPhase section */
		3783D55D203B898B00E50F82 /* Frameworks */ = {
			isa = PBXFrameworksBuildPhase;
			buildActionMask = 2147483647;
			files = (
			);
			runOnlyForDeploymentPostprocessing = 0;
		};
/* End PBXFrameworksBuildPhase section */

/* Begin PBXGroup section */
		3783D557203B898B00E50F82 = {
			isa = PBXGroup;
			children = (
				3783D562203B898B00E50F82 /* StoreSearch */,
				3783D561203B898B00E50F82 /* Products */,
			);
			sourceTree = "<group>";
		};
		3783D561203B898B00E50F82 /* Products */ = {
			isa = PBXGroup;
			children = (
				3783D560203B898B00E50F82 /* StoreSearch.app */,
			);
			name = Products;
			sourceTree = "<group>";
		};
		3783D562203B898B00E50F82 /* StoreSearch */ = {
			isa = PBXGroup;
			children = (
				3783D563203B898B00E50F82 /* AppDelegate.swift */,
				3783D565203B898B00E50F82 /* SearchViewController.swift */,
				3783D56A203B898B00E50F82 /* Assets.xcassets */,
				3783D56C203B898B00E50F82 /* LaunchScreen.storyboard */,
				3783D56F203B898B00E50F82 /* Info.plist */,
				37368EF1203BA25E0045BF78 /* SearchResult.swift */,
				37368EF7203BC58A0045BF78 /* SearchResultsCell.swift */,
				3764D39B203CF2C80005391F /* LoadingCell.swift */,
				37368EF5203BC1340045BF78 /* NothingFoundCell.swift */,
				3764D39D203D2F230005391F /* UIImageView+DownloadImage.swift */,
				3764D39F203D35A40005391F /* DetailViewController.swift */,
				3764D3A1203D3FAB0005391F /* DimmingPresentationController.swift */,
				37A03228203E347C00563E65 /* GradientView.swift */,
				37A0322A203E3FEB00563E65 /* LandscapeViewController.swift */,
				37A0322C203E793500563E65 /* Search.swift */,
			);
			path = StoreSearch;
			sourceTree = "<group>";
		};
/* End PBXGroup section */

/* Begin PBXNativeTarget section */
		3783D55F203B898B00E50F82 /* StoreSearch */ = {
			isa = PBXNativeTarget;
			buildConfigurationList = 3783D572203B898B00E50F82 /* Build configuration list for PBXNativeTarget "StoreSearch" */;
			buildPhases = (
				3783D55C203B898B00E50F82 /* Sources */,
				3783D55D203B898B00E50F82 /* Frameworks */,
				3783D55E203B898B00E50F82 /* Resources */,
			);
			buildRules = (
			);
			dependencies = (
			);
			name = StoreSearch;
			productName = StoreSearch;
			productReference = 3783D560203B898B00E50F82 /* StoreSearch.app */;
			productType = "com.apple.product-type.application";
		};
/* End PBXNativeTarget section */

/* Begin PBXProject section */
		3783D558203B898B00E50F82 /* Project object */ = {
			isa = PBXProject;
			attributes = {
				LastSwiftUpdateCheck = 0920;
				LastUpgradeCheck = 0920;
				ORGANIZATIONNAME = someIndustry;
				TargetAttributes = {
					3783D55F203B898B00E50F82 = {
						CreatedOnToolsVersion = 9.2;
						ProvisioningStyle = Automatic;
					};
				};
			};
			buildConfigurationList = 3783D55B203B898B00E50F82 /* Build configuration list for PBXProject "StoreSearch" */;
			compatibilityVersion = "Xcode 8.0";
			developmentRegion = en;
			hasScannedForEncodings = 0;
			knownRegions = (
				en,
				Base,
			);
			mainGroup = 3783D557203B898B00E50F82;
			productRefGroup = 3783D561203B898B00E50F82 /* Products */;
			projectDirPath = "";
			projectRoot = "";
			targets = (
				3783D55F203B898B00E50F82 /* StoreSearch */,
			);
		};
/* End PBXProject section */

/* Begin PBXResourcesBuildPhase section */
		3783D55E203B898B00E50F82 /* Resources */ = {
			isa = PBXResourcesBuildPhase;
			buildActionMask = 2147483647;
			files = (
				3783D56E203B898B00E50F82 /* LaunchScreen.storyboard in Resources */,
				3783D56B203B898B00E50F82 /* Assets.xcassets in Resources */,
			);
			runOnlyForDeploymentPostprocessing = 0;
		};
/* End PBXResourcesBuildPhase section */

/* Begin PBXSourcesBuildPhase section */
		3783D55C203B898B00E50F82 /* Sources */ = {
			isa = PBXSourcesBuildPhase;
			buildActionMask = 2147483647;
			files = (
				3764D39E203D2F230005391F /* UIImageView+DownloadImage.swift in Sources */,
				37368EF8203BC58B0045BF78 /* SearchResultsCell.swift in Sources */,
				37A03229203E347C00563E65 /* GradientView.swift in Sources */,
				3783D566203B898B00E50F82 /* SearchViewController.swift in Sources */,
				3764D39C203CF2C80005391F /* LoadingCell.swift in Sources */,
				37A0322B203E3FEB00563E65 /* LandscapeViewController.swift in Sources */,
				37368EF2203BA25E0045BF78 /* SearchResult.swift in Sources */,
				37368EF6203BC1340045BF78 /* NothingFoundCell.swift in Sources */,
				3783D564203B898B00E50F82 /* AppDelegate.swift in Sources */,
				37A0322D203E793500563E65 /* Search.swift in Sources */,
				3764D3A0203D35A40005391F /* DetailViewController.swift in Sources */,
				3764D3A2203D3FAB0005391F /* DimmingPresentationController.swift in Sources */,
			);
			runOnlyForDeploymentPostprocessing = 0;
		};
/* End PBXSourcesBuildPhase section */

/* Begin PBXVariantGroup section */
		3783D56C203B898B00E50F82 /* LaunchScreen.storyboard */ = {
			isa = PBXVariantGroup;
			children = (
				3783D56D203B898B00E50F82 /* Base */,
			);
			name = LaunchScreen.storyboard;
			sourceTree = "<group>";
		};
/* End PBXVariantGroup section */

/* Begin XCBuildConfiguration section */
		3783D570203B898B00E50F82 /* Debug */ = {
			isa = XCBuildConfiguration;
			buildSettings = {
				ALWAYS_SEARCH_USER_PATHS = NO;
				CLANG_ANALYZER_NONNULL = YES;
				CLANG_ANALYZER_NUMBER_OBJECT_CONVERSION = YES_AGGRESSIVE;
				CLANG_CXX_LANGUAGE_STANDARD = "gnu++14";
				CLANG_CXX_LIBRARY = "libc++";
				CLANG_ENABLE_MODULES = YES;
				CLANG_ENABLE_OBJC_ARC = YES;
				CLANG_WARN_BLOCK_CAPTURE_AUTORELEASING = YES;
				CLANG_WARN_BOOL_CONVERSION = YES;
				CLANG_WARN_COMMA = YES;
				CLANG_WARN_CONSTANT_CONVERSION = YES;
				CLANG_WARN_DIRECT_OBJC_ISA_USAGE = YES_ERROR;
				CLANG_WARN_DOCUMENTATION_COMMENTS = YES;
				CLANG_WARN_EMPTY_BODY = YES;
				CLANG_WARN_ENUM_CONVERSION = YES;
				CLANG_WARN_INFINITE_RECURSION = YES;
				CLANG_WARN_INT_CONVERSION = YES;
				CLANG_WARN_NON_LITERAL_NULL_CONVERSION = YES;
				CLANG_WARN_OBJC_LITERAL_CONVERSION = YES;
				CLANG_WARN_OBJC_ROOT_CLASS = YES_ERROR;
				CLANG_WARN_RANGE_LOOP_ANALYSIS = YES;
				CLANG_WARN_STRICT_PROTOTYPES = YES;
				CLANG_WARN_SUSPICIOUS_MOVE = YES;
				CLANG_WARN_UNGUARDED_AVAILABILITY = YES_AGGRESSIVE;
				CLANG_WARN_UNREACHABLE_CODE = YES;
				CLANG_WARN__DUPLICATE_METHOD_MATCH = YES;
				CODE_SIGN_IDENTITY = "iPhone Developer";
				COPY_PHASE_STRIP = NO;
				DEBUG_INFORMATION_FORMAT = dwarf;
				ENABLE_STRICT_OBJC_MSGSEND = YES;
				ENABLE_TESTABILITY = YES;
				GCC_C_LANGUAGE_STANDARD = gnu11;
				GCC_DYNAMIC_NO_PIC = NO;
				GCC_NO_COMMON_BLOCKS = YES;
				GCC_OPTIMIZATION_LEVEL = 0;
				GCC_PREPROCESSOR_DEFINITIONS = (
					"DEBUG=1",
					"$(inherited)",
				);
				GCC_WARN_64_TO_32_BIT_CONVERSION = YES;
				GCC_WARN_ABOUT_RETURN_TYPE = YES_ERROR;
				GCC_WARN_UNDECLARED_SELECTOR = YES;
				GCC_WARN_UNINITIALIZED_AUTOS = YES_AGGRESSIVE;
				GCC_WARN_UNUSED_FUNCTION = YES;
				GCC_WARN_UNUSED_VARIABLE = YES;
				IPHONEOS_DEPLOYMENT_TARGET = 11.2;
				MTL_ENABLE_DEBUG_INFO = YES;
				ONLY_ACTIVE_ARCH = YES;
				SDKROOT = iphoneos;
				SWIFT_ACTIVE_COMPILATION_CONDITIONS = DEBUG;
				SWIFT_OPTIMIZATION_LEVEL = "-Onone";
			};
			name = Debug;
		};
		3783D571203B898B00E50F82 /* Release */ = {
			isa = XCBuildConfiguration;
			buildSettings = {
				ALWAYS_SEARCH_USER_PATHS = NO;
				CLANG_ANALYZER_NONNULL = YES;
				CLANG_ANALYZER_NUMBER_OBJECT_CONVERSION = YES_AGGRESSIVE;
				CLANG_CXX_LANGUAGE_STANDARD = "gnu++14";
				CLANG_CXX_LIBRARY = "libc++";
				CLANG_ENABLE_MODULES = YES;
				CLANG_ENABLE_OBJC_ARC = YES;
				CLANG_WARN_BLOCK_CAPTURE_AUTORELEASING = YES;
				CLANG_WARN_BOOL_CONVERSION = YES;
				CLANG_WARN_COMMA = YES;
				CLANG_WARN_CONSTANT_CONVERSION = YES;
				CLANG_WARN_DIRECT_OBJC_ISA_USAGE = YES_ERROR;
				CLANG_WARN_DOCUMENTATION_COMMENTS = YES;
				CLANG_WARN_EMPTY_BODY = YES;
				CLANG_WARN_ENUM_CONVERSION = YES;
				CLANG_WARN_INFINITE_RECURSION = YES;
				CLANG_WARN_INT_CONVERSION = YES;
				CLANG_WARN_NON_LITERAL_NULL_CONVERSION = YES;
				CLANG_WARN_OBJC_LITERAL_CONVERSION = YES;
				CLANG_WARN_OBJC_ROOT_CLASS = YES_ERROR;
				CLANG_WARN_RANGE_LOOP_ANALYSIS = YES;
				CLANG_WARN_STRICT_PROTOTYPES = YES;
				CLANG_WARN_SUSPICIOUS_MOVE = YES;
				CLANG_WARN_UNGUARDED_AVAILABILITY = YES_AGGRESSIVE;
				CLANG_WARN_UNREACHABLE_CODE = YES;
				CLANG_WARN__DUPLICATE_METHOD_MATCH = YES;
				CODE_SIGN_IDENTITY = "iPhone Developer";
				COPY_PHASE_STRIP = NO;
				DEBUG_INFORMATION_FORMAT = "dwarf-with-dsym";
				ENABLE_NS_ASSERTIONS = NO;
				ENABLE_STRICT_OBJC_MSGSEND = YES;
				GCC_C_LANGUAGE_STANDARD = gnu11;
				GCC_NO_COMMON_BLOCKS = YES;
				GCC_WARN_64_TO_32_BIT_CONVERSION = YES;
				GCC_WARN_ABOUT_RETURN_TYPE = YES_ERROR;
				GCC_WARN_UNDECLARED_SELECTOR = YES;
				GCC_WARN_UNINITIALIZED_AUTOS = YES_AGGRESSIVE;
				GCC_WARN_UNUSED_FUNCTION = YES;
				GCC_WARN_UNUSED_VARIABLE = YES;
				IPHONEOS_DEPLOYMENT_TARGET = 11.2;
				MTL_ENABLE_DEBUG_INFO = NO;
				SDKROOT = iphoneos;
				SWIFT_OPTIMIZATION_LEVEL = "-Owholemodule";
				VALIDATE_PRODUCT = YES;
			};
			name = Release;
		};
		3783D573203B898B00E50F82 /* Debug */ = {
			isa = XCBuildConfiguration;
			buildSettings = {
				ASSETCATALOG_COMPILER_APPICON_NAME = AppIcon;
				CODE_SIGN_STYLE = Automatic;
				DEVELOPMENT_TEAM = FNW7L4X44S;
				INFOPLIST_FILE = StoreSearch/Info.plist;
				LD_RUNPATH_SEARCH_PATHS = "$(inherited) @executable_path/Frameworks";
				PRODUCT_BUNDLE_IDENTIFIER = com.someIndustry.StoreSearch;
				PRODUCT_NAME = "$(TARGET_NAME)";
				SWIFT_VERSION = 4.0;
				TARGETED_DEVICE_FAMILY = "1,2";
			};
			name = Debug;
		};
		3783D574203B898B00E50F82 /* Release */ = {
			isa = XCBuildConfiguration;
			buildSettings = {
				ASSETCATALOG_COMPILER_APPICON_NAME = AppIcon;
				CODE_SIGN_STYLE = Automatic;
				DEVELOPMENT_TEAM = FNW7L4X44S;
				INFOPLIST_FILE = StoreSearch/Info.plist;
				LD_RUNPATH_SEARCH_PATHS = "$(inherited) @executable_path/Frameworks";
				PRODUCT_BUNDLE_IDENTIFIER = com.someIndustry.StoreSearch;
				PRODUCT_NAME = "$(TARGET_NAME)";
				SWIFT_VERSION = 4.0;
				TARGETED_DEVICE_FAMILY = "1,2";
			};
			name = Release;
		};
/* End XCBuildConfiguration section */

/* Begin XCConfigurationList section */
		3783D55B203B898B00E50F82 /* Build configuration list for PBXProject "StoreSearch" */ = {
			isa = XCConfigurationList;
			buildConfigurations = (
				3783D570203B898B00E50F82 /* Debug */,
				3783D571203B898B00E50F82 /* Release */,
			);
			defaultConfigurationIsVisible = 0;
			defaultConfigurationName = Release;
		};
		3783D572203B898B00E50F82 /* Build configuration list for PBXNativeTarget "StoreSearch" */ = {
			isa = XCConfigurationList;
			buildConfigurations = (
				3783D573203B898B00E50F82 /* Debug */,
				3783D574203B898B00E50F82 /* Release */,
			);
			defaultConfigurationIsVisible = 0;
			defaultConfigurationName = Release;
		};
/* End XCConfigurationList section */
	};
	rootObject = 3783D558203B898B00E50F82 /* Project object */;
}
